
Microsoft Visual Studio Solution File, Format Version 12.00
# Visual Studio 2012
Project("{FAE04EC0-301F-11D3-BF4B-00C04F79EFBC}") = "TestSPRINT3r", "SPRINT3r.Tests\TestSPRINT3r.csproj", "{128054C0-E7BC-4C93-A862-6D1673C734BC}"
EndProject
Project("{FAE04EC0-301F-11D3-BF4B-00C04F79EFBC}") = "SPRINT3r", "SPRINT3r\SPRINT3r.csproj", "{6DB18906-D8E9-4B60-A935-31E0EA4A8B27}"
EndProject
Project("{FAE04EC0-301F-11D3-BF4B-00C04F79EFBC}") = "SPRINT3rAPI", "SPRINT3rAPI\SPRINT3rAPI.csproj", "{CA6BF470-4358-466A-9A9D-3FB8BD450760}"
EndProject
Project("{FAE04EC0-301F-11D3-BF4B-00C04F79EFBC}") = "SPRINT3rAPI.Tests", "SPRINT3rAPI.Tests\SPRINT3rAPI.Tests.csproj", "{5C6E4D9F-FD13-41E5-8F06-CF71C97BE93C}"
EndProject
Global
	GlobalSection(SolutionConfigurationPlatforms) = preSolution
		Debug|Any CPU = Debug|Any CPU
		Release|Any CPU = Release|Any CPU
	EndGlobalSection
	GlobalSection(ProjectConfigurationPlatforms) = postSolution
		{128054C0-E7BC-4C93-A862-6D1673C734BC}.Debug|Any CPU.ActiveCfg = Debug|Any CPU
		{128054C0-E7BC-4C93-A862-6D1673C734BC}.Debug|Any CPU.Build.0 = Debug|Any CPU
		{128054C0-E7BC-4C93-A862-6D1673C734BC}.Release|Any CPU.ActiveCfg = Release|Any CPU
		{128054C0-E7BC-4C93-A862-6D1673C734BC}.Release|Any CPU.Build.0 = Release|Any CPU
		{6DB18906-D8E9-4B60-A935-31E0EA4A8B27}.Debug|Any CPU.ActiveCfg = Debug|Any CPU
		{6DB18906-D8E9-4B60-A935-31E0EA4A8B27}.Debug|Any CPU.Build.0 = Debug|Any CPU
		{6DB18906-D8E9-4B60-A935-31E0EA4A8B27}.Release|Any CPU.ActiveCfg = Release|Any CPU
		{6DB18906-D8E9-4B60-A935-31E0EA4A8B27}.Release|Any CPU.Build.0 = Release|Any CPU
		{CA6BF470-4358-466A-9A9D-3FB8BD450760}.Debug|Any CPU.ActiveCfg = Debug|Any CPU
		{CA6BF470-4358-466A-9A9D-3FB8BD450760}.Debug|Any CPU.Build.0 = Debug|Any CPU
		{CA6BF470-4358-466A-9A9D-3FB8BD450760}.Release|Any CPU.ActiveCfg = Release|Any CPU
		{CA6BF470-4358-466A-9A9D-3FB8BD450760}.Release|Any CPU.Build.0 = Release|Any CPU
		{5C6E4D9F-FD13-41E5-8F06-CF71C97BE93C}.Debug|Any CPU.ActiveCfg = Debug|Any CPU
		{5C6E4D9F-FD13-41E5-8F06-CF71C97BE93C}.Debug|Any CPU.Build.0 = Debug|Any CPU
		{5C6E4D9F-FD13-41E5-8F06-CF71C97BE93C}.Release|Any CPU.ActiveCfg = Release|Any CPU
		{5C6E4D9F-FD13-41E5-8F06-CF71C97BE93C}.Release|Any CPU.Build.0 = Release|Any CPU
	EndGlobalSection
EndGlobal
